github.com/google/btree v1.1.3 h1:CVpQJjYgC4VbzxeGVHfvZrv1ctoYCAI8vbl07Fcxlyg=
github.com/google/btree v1.1.3/go.mod h1:qOPhT0dTNdNzV6Z/lhRX0YXUafgPLFUh+gZMl761Gm4=
github.com/linkdata/deadlock v0.5.5 h1:d6O+rzEqasSfamGDA8u7bjtaq7hOX8Ha4Zn36Wxrkvo=
github.com/linkdata/deadlock v0.5.5/go.mod h1:tXb28stzAD3trzEEK0UJWC+rZKuobCoPktPYzebb1u0=
github.com/linkdata/inifile v1.0.1 h1:oesoU4bGUALh8WL9gT/bKA3TtjcdvKfVnf+GsG2tpEU=
github.com/linkdata/inifile v1.0.1/go.mod h1:pBkdyPh6uw24BXC92nIlaYOCuiy7wp9m0ltGtvK8mzg=
github.com/petermattis/goid v0.0.0-20250813065127-a731cc31b4fe h1:vHpqOnPlnkba8iSxU4j/CvDSS9J4+F4473esQsYLGoE=
github.com/petermattis/goid v0.0.0-20250813065127-a731cc31b4fe/go.mod h1:pxMtw7cyUw6B2bRH0ZBANSPg+AoSud1I1iyJHI69jH4=
github.com/tailscale/wireguard-go v0.0.0-20250107165329-0b8b35511f19 h1:BcEJP2ewTIK2ZCsqgl6YGpuO6+oKqqag5HHb7ehljKw=
github.com/tailscale/wireguard-go v0.0.0-20250107165329-0b8b35511f19/go.mod h1:BOm5fXUBFM+m9woLNBoxI9TaBXXhGNP50LX/TGIvGb4=
golang.org/x/crypto v0.36.0 h1:AnAEvhDddvBdpY+uR+MyHmuZzzNqXSe/GvuDeob5L34=
golang.org/x/crypto v0.36.0/go.mod h1:Y4J0ReaxCR1IMaabaSMugxJES1EpwhBHhv2bDHklZvc=
golang.org/x/net v0.37.0 h1:1zLorHbz+LYj7MQlSf1+2tPIIgibq2eL5xkrGk6f+2c=
golang.org/x/net v0.37.0/go.mod h1:ivrbrMbzFq5J41QOQh0siUuly180yBYtLp+CKbEaFx8=
golang.org/x/sys v0.31.0 h1:ioabZlmFYtWhL+TRYpcnNlLwhyxaM9kWTDEmfnprqik=
golang.org/x/sys v0.31.0/go.mod h1:BJP2sWEmIv4KK5OTEluFJCKSidICx8ciO85XgH3Ak8k=
golang.org/x/time v0.11.0 h1:/bpjEDfN9tkoN/ryeYHnv5hcMlc8ncjMcM4XBk5NWV0=
golang.org/x/time v0.11.0/go.mod h1:CDIdPxbZBQxdj6cxyCIdrNogrJKMJ7pr37NYpMcMDSg=
golang.zx2c4.com/wintun v0.0.0-20230126152724-0fa3db229ce2 h1:B82qJJgjvYKsXS9jeunTOisW56dUokqW/FOteYJJ/yg=
golang.zx2c4.com/wintun v0.0.0-20230126152724-0fa3db229ce2/go.mod h1:deeaetjYA+DHMHg+sMSMI58GrEteJUUzzw7en6TJQcI=
gvisor.dev/gvisor v0.0.0-20230927004350-cbd86285d259 h1:TbRPT0HtzFP3Cno1zZo7yPzEEnfu8EjLfl6IU9VfqkQ=
gvisor.dev/gvisor v0.0.0-20230927004350-cbd86285d259/go.mod h1:AVgIgHMwK63XvmAzWG9vLQ41YnVHN0du0tEC46fI7yY=
